
Microsoft Visual Studio Solution File, Format Version 12.00
# Visual Studio Version 17
VisualStudioVersion = 17.1.32210.238
MinimumVisualStudioVersion = 10.0.40219.1
Project("{9A19103F-16F7-4668-BE54-9A1E7A4F7556}") = "strategypattern", "strategypattern\strategypattern.csproj", "{2990BC90-7B6B-4B7E-AFA2-5418B0CD91E2}"
EndProject
Project("{9A19103F-16F7-4668-BE54-9A1E7A4F7556}") = "GenericPattern", "GenericPattern\GenericPattern.csproj", "{7F9D7E30-700A-4B6C-9031-C9F237A4CA80}"
EndProject
Project("{9A19103F-16F7-4668-BE54-9A1E7A4F7556}") = "CommandPattern", "CommandPattern\CommandPattern.csproj", "{66E29B18-D4CE-4AFE-ABFB-1570C66FC535}"
EndProject
Project("{9A19103F-16F7-4668-BE54-9A1E7A4F7556}") = "AbstractFactoryPattern", "AbstractFactoryPattern\AbstractFactoryPattern.csproj", "{107830FB-E8C2-4375-A990-0975A0F2CBC4}"
EndProject
Project("{FAE04EC0-301F-11D3-BF4B-00C04F79EFBC}") = "AdapterPattern", "AdapterPattern\AdapterPattern.csproj", "{38A9533F-9318-4B2A-8F53-BF76BD6337FA}"
EndProject
Global
	GlobalSection(SolutionConfigurationPlatforms) = preSolution
		Debug|Any CPU = Debug|Any CPU
		Release|Any CPU = Release|Any CPU
	EndGlobalSection
	GlobalSection(ProjectConfigurationPlatforms) = postSolution
		{2990BC90-7B6B-4B7E-AFA2-5418B0CD91E2}.Debug|Any CPU.ActiveCfg = Debug|Any CPU
		{2990BC90-7B6B-4B7E-AFA2-5418B0CD91E2}.Debug|Any CPU.Build.0 = Debug|Any CPU
		{2990BC90-7B6B-4B7E-AFA2-5418B0CD91E2}.Release|Any CPU.ActiveCfg = Release|Any CPU
		{2990BC90-7B6B-4B7E-AFA2-5418B0CD91E2}.Release|Any CPU.Build.0 = Release|Any CPU
		{7F9D7E30-700A-4B6C-9031-C9F237A4CA80}.Debug|Any CPU.ActiveCfg = Debug|Any CPU
		{7F9D7E30-700A-4B6C-9031-C9F237A4CA80}.Debug|Any CPU.Build.0 = Debug|Any CPU
		{7F9D7E30-700A-4B6C-9031-C9F237A4CA80}.Release|Any CPU.ActiveCfg = Release|Any CPU
		{7F9D7E30-700A-4B6C-9031-C9F237A4CA80}.Release|Any CPU.Build.0 = Release|Any CPU
		{66E29B18-D4CE-4AFE-ABFB-1570C66FC535}.Debug|Any CPU.ActiveCfg = Debug|Any CPU
		{66E29B18-D4CE-4AFE-ABFB-1570C66FC535}.Debug|Any CPU.Build.0 = Debug|Any CPU
		{66E29B18-D4CE-4AFE-ABFB-1570C66FC535}.Release|Any CPU.ActiveCfg = Release|Any CPU
		{66E29B18-D4CE-4AFE-ABFB-1570C66FC535}.Release|Any CPU.Build.0 = Release|Any CPU
		{107830FB-E8C2-4375-A990-0975A0F2CBC4}.Debug|Any CPU.ActiveCfg = Debug|Any CPU
		{107830FB-E8C2-4375-A990-0975A0F2CBC4}.Debug|Any CPU.Build.0 = Debug|Any CPU
		{107830FB-E8C2-4375-A990-0975A0F2CBC4}.Release|Any CPU.ActiveCfg = Release|Any CPU
		{107830FB-E8C2-4375-A990-0975A0F2CBC4}.Release|Any CPU.Build.0 = Release|Any CPU
		{38A9533F-9318-4B2A-8F53-BF76BD6337FA}.Debug|Any CPU.ActiveCfg = Debug|Any CPU
		{38A9533F-9318-4B2A-8F53-BF76BD6337FA}.Debug|Any CPU.Build.0 = Debug|Any CPU
		{38A9533F-9318-4B2A-8F53-BF76BD6337FA}.Release|Any CPU.ActiveCfg = Release|Any CPU
		{38A9533F-9318-4B2A-8F53-BF76BD6337FA}.Release|Any CPU.Build.0 = Release|Any CPU
	EndGlobalSection
	GlobalSection(SolutionProperties) = preSolution
		HideSolutionNode = FALSE
	EndGlobalSection
	GlobalSection(ExtensibilityGlobals) = postSolution
		SolutionGuid = {24725A87-326E-4C4B-A091-CA2FF77F5C43}
	EndGlobalSection
EndGlobal
